// !$*UTF8*$!
{
	archiveVersion = 1;
	classes = {
	};
	objectVersion = 46;
	objects = {

/* Begin PBXBuildFile section */
		9A866BF41B5F921E00258146 /* AppDelegate.m in Sources */ = {isa = PBXBuildFile; fileRef = 9A866BF31B5F921E00258146 /* AppDelegate.m */; };
		9A866BF61B5F921E00258146 /* main.m in Sources */ = {isa = PBXBuildFile; fileRef = 9A866BF51B5F921E00258146 /* main.m */; };
		9A866BF91B5F921E00258146 /* ViewController.m in Sources */ = {isa = PBXBuildFile; fileRef = 9A866BF81B5F921E00258146 /* ViewController.m */; };
		9A866BFB1B5F921E00258146 /* Images.xcassets in Resources */ = {isa = PBXBuildFile; fileRef = 9A866BFA1B5F921E00258146 /* Images.xcassets */; };
		9A866BFE1B5F921E00258146 /* Main.storyboard in Resources */ = {isa = PBXBuildFile; fileRef = 9A866BFC1B5F921E00258146 /* Main.storyboard */; };
		9A866C0A1B5F921E00258146 /* JJTreeDesktopTests.m in Sources */ = {isa = PBXBuildFile; fileRef = 9A866C091B5F921E00258146 /* JJTreeDesktopTests.m */; };
/* End PBXBuildFile section */

/* Begin PBXContainerItemProxy section */
		9A866C041B5F921E00258146 /* PBXContainerItemProxy */ = {
			isa = PBXContainerItemProxy;
			containerPortal = 9A866BE51B5F921E00258146 /* Project object */;
			proxyType = 1;
			remoteGlobalIDString = 9A866BEC1B5F921E00258146;
			remoteInfo = JJTreeDesktop;
		};
/* End PBXContainerItemProxy section */

/* Begin PBXFileReference section */
		9A866BED1B5F921E00258146 /* JJTreeDesktop.app */ = {isa = PBXFileReference; explicitFileType = wrapper.application; includeInIndex = 0; path = JJTreeDesktop.app; sourceTree = BUILT_PRODUCTS_DIR; };
		9A866BF11B5F921E00258146 /* Info.plist */ = {isa = PBXFileReference; lastKnownFileType = text.plist.xml; path = Info.plist; sourceTree = "<group>"; };
		9A866BF21B5F921E00258146 /* AppDelegate.h */ = {isa = PBXFileReference; lastKnownFileType = sourcecode.c.h; path = AppDelegate.h; sourceTree = "<group>"; };
		9A866BF31B5F921E00258146 /* AppDelegate.m */ = {isa = PBXFileReference; lastKnownFileType = sourcecode.c.objc; path = AppDelegate.m; sourceTree = "<group>"; };
		9A866BF51B5F921E00258146 /* main.m */ = {isa = PBXFileReference; lastKnownFileType = sourcecode.c.objc; path = main.m; sourceTree = "<group>"; };
		9A866BF71B5F921E00258146 /* ViewController.h */ = {isa = PBXFileReference; lastKnownFileType = sourcecode.c.h; path = ViewController.h; sourceTree = "<group>"; };
		9A866BF81B5F921E00258146 /* ViewController.m */ = {isa = PBXFileReference; lastKnownFileType = sourcecode.c.objc; path = ViewController.m; sourceTree = "<group>"; };
		9A866BFA1B5F921E00258146 /* Images.xcassets */ = {isa = PBXFileReference; lastKnownFileType = folder.assetcatalog; path = Images.xcassets; sourceTree = "<group>"; };
		9A866BFD1B5F921E00258146 /* Base */ = {isa = PBXFileReference; lastKnownFileType = file.storyboard; name = Base; path = Base.lproj/Main.storyboard; sourceTree = "<group>"; };
		9A866C031B5F921E00258146 /* JJTreeDesktopTests.xctest */ = {isa = PBXFileReference; explicitFileType = wrapper.cfbundle; includeInIndex = 0; path = JJTreeDesktopTests.xctest; sourceTree = BUILT_PRODUCTS_DIR; };
		9A866C081B5F921E00258146 /* Info.plist */ = {isa = PBXFileReference; lastKnownFileType = text.plist.xml; path = Info.plist; sourceTree = "<group>"; };
		9A866C091B5F921E00258146 /* JJTreeDesktopTests.m */ = {isa = PBXFileReference; lastKnownFileType = sourcecode.c.objc; path = JJTreeDesktopTests.m; sourceTree = "<group>"; };
/* End PBXFileReference section */

/* Begin PBXFrameworksBuildPhase section */
		9A866BEA1B5F921E00258146 /* Frameworks */ = {
			isa = PBXFrameworksBuildPhase;
			buildActionMask = 2147483647;
			files = (
			);
			runOnlyForDeploymentPostprocessing = 0;
		};
		9A866C001B5F921E00258146 /* Frameworks */ = {
			isa = PBXFrameworksBuildPhase;
			buildActionMask = 2147483647;
			files = (
			);
			runOnlyForDeploymentPostprocessing = 0;
		};
/* End PBXFrameworksBuildPhase section */

/* Begin PBXGroup section */
		9A866BE41B5F921E00258146 = {
			isa = PBXGroup;
			children = (
				9A866BEF1B5F921E00258146 /* JJTreeDesktop */,
				9A866C061B5F921E00258146 /* JJTreeDesktopTests */,
				9A866BEE1B5F921E00258146 /* Products */,
			);
			sourceTree = "<group>";
		};
		9A866BEE1B5F921E00258146 /* Products */ = {
			isa = PBXGroup;
			children = (
				9A866BED1B5F921E00258146 /* JJTreeDesktop.app */,
				9A866C031B5F921E00258146 /* JJTreeDesktopTests.xctest */,
			);
			name = Products;
			sourceTree = "<group>";
		};
		9A866BEF1B5F921E00258146 /* JJTreeDesktop */ = {
			isa = PBXGroup;
			children = (
				9A866BF21B5F921E00258146 /* AppDelegate.h */,
				9A866BF31B5F921E00258146 /* AppDelegate.m */,
				9A866BF71B5F921E00258146 /* ViewController.h */,
				9A866BF81B5F921E00258146 /* ViewController.m */,
				9A866BFA1B5F921E00258146 /* Images.xcassets */,
				9A866BFC1B5F921E00258146 /* Main.storyboard */,
				9A866BF01B5F921E00258146 /* Supporting Files */,
			);
			path = JJTreeDesktop;
			sourceTree = "<group>";
		};
		9A866BF01B5F921E00258146 /* Supporting Files */ = {
			isa = PBXGroup;
			children = (
				9A866BF11B5F921E00258146 /* Info.plist */,
				9A866BF51B5F921E00258146 /* main.m */,
			);
			name = "Supporting Files";
			sourceTree = "<group>";
		};
		9A866C061B5F921E00258146 /* JJTreeDesktopTests */ = {
			isa = PBXGroup;
			children = (
				9A866C091B5F921E00258146 /* JJTreeDesktopTests.m */,
				9A866C071B5F921E00258146 /* Supporting Files */,
			);
			path = JJTreeDesktopTests;
			sourceTree = "<group>";
		};
		9A866C071B5F921E00258146 /* Supporting Files */ = {
			isa = PBXGroup;
			children = (
				9A866C081B5F921E00258146 /* Info.plist */,
			);
			name = "Supporting Files";
			sourceTree = "<group>";
		};
/* End PBXGroup section */

/* Begin PBXNativeTarget section */
		9A866BEC1B5F921E00258146 /* JJTreeDesktop */ = {
			isa = PBXNativeTarget;
			buildConfigurationList = 9A866C0D1B5F921E00258146 /* Build configuration list for PBXNativeTarget "JJTreeDesktop" */;
			buildPhases = (
				9A866BE91B5F921E00258146 /* Sources */,
				9A866BEA1B5F921E00258146 /* Frameworks */,
				9A866BEB1B5F921E00258146 /* Resources */,
			);
			buildRules = (
			);
			dependencies = (
			);
			name = JJTreeDesktop;
			productName = JJTreeDesktop;
			productReference = 9A866BED1B5F921E00258146 /* JJTreeDesktop.app */;
			productType = "com.apple.product-type.application";
		};
		9A866C021B5F921E00258146 /* JJTreeDesktopTests */ = {
			isa = PBXNativeTarget;
			buildConfigurationList = 9A866C101B5F921E00258146 /* Build configuration list for PBXNativeTarget "JJTreeDesktopTests" */;
			buildPhases = (
				9A866BFF1B5F921E00258146 /* Sources */,
				9A866C001B5F921E00258146 /* Frameworks */,
				9A866C011B5F921E00258146 /* Resources */,
			);
			buildRules = (
			);
			dependencies = (
				9A866C051B5F921E00258146 /* PBXTargetDependency */,
			);
			name = JJTreeDesktopTests;
			productName = JJTreeDesktopTests;
			productReference = 9A866C031B5F921E00258146 /* JJTreeDesktopTests.xctest */;
			productType = "com.apple.product-type.bundle.unit-test";
		};
/* End PBXNativeTarget section */

/* Begin PBXProject section */
		9A866BE51B5F921E00258146 /* Project object */ = {
			isa = PBXProject;
			attributes = {
				LastUpgradeCheck = 0640;
				ORGANIZATIONNAME = guojunxu;
				TargetAttributes = {
					9A866BEC1B5F921E00258146 = {
						CreatedOnToolsVersion = 6.4;
					};
					9A866C021B5F921E00258146 = {
						CreatedOnToolsVersion = 6.4;
						TestTargetID = 9A866BEC1B5F921E00258146;
					};
				};
			};
			buildConfigurationList = 9A866BE81B5F921E00258146 /* Build configuration list for PBXProject "JJTreeDesktop" */;
			compatibilityVersion = "Xcode 3.2";
			developmentRegion = English;
			hasScannedForEncodings = 0;
			knownRegions = (
				en,
				Base,
			);
			mainGroup = 9A866BE41B5F921E00258146;
			productRefGroup = 9A866BEE1B5F921E00258146 /* Products */;
			projectDirPath = "";
			projectRoot = "";
			targets = (
				9A866BEC1B5F921E00258146 /* JJTreeDesktop */,
				9A866C021B5F921E00258146 /* JJTreeDesktopTests */,
			);
		};
/* End PBXProject section */

/* Begin PBXResourcesBuildPhase section */
		9A866BEB1B5F921E00258146 /* Resources */ = {
			isa = PBXResourcesBuildPhase;
			buildActionMask = 2147483647;
			files = (
				9A866BFB1B5F921E00258146 /* Images.xcassets in Resources */,
				9A866BFE1B5F921E00258146 /* Main.storyboard in Resources */,
			);
			runOnlyForDeploymentPostprocessing = 0;
		};
		9A866C011B5F921E00258146 /* Resources */ = {
			isa = PBXResourcesBuildPhase;
			buildActionMask = 2147483647;
			files = (
			);
			runOnlyForDeploymentPostprocessing = 0;
		};
/* End PBXResourcesBuildPhase section */

/* Begin PBXSourcesBuildPhase section */
		9A866BE91B5F921E00258146 /* Sources */ = {
			isa = PBXSourcesBuildPhase;
			buildActionMask = 2147483647;
			files = (
				9A866BF91B5F921E00258146 /* ViewController.m in Sources */,
				9A866BF61B5F921E00258146 /* main.m in Sources */,
				9A866BF41B5F921E00258146 /* AppDelegate.m in Sources */,
			);
			runOnlyForDeploymentPostprocessing = 0;
		};
		9A866BFF1B5F921E00258146 /* Sources */ = {
			isa = PBXSourcesBuildPhase;
			buildActionMask = 2147483647;
			files = (
				9A866C0A1B5F921E00258146 /* JJTreeDesktopTests.m in Sources */,
			);
			runOnlyForDeploymentPostprocessing = 0;
		};
/* End PBXSourcesBuildPhase section */

/* Begin PBXTargetDependency section */
		9A866C051B5F921E00258146 /* PBXTargetDependency */ = {
			isa = PBXTargetDependency;
			target = 9A866BEC1B5F921E00258146 /* JJTreeDesktop */;
			targetProxy = 9A866C041B5F921E00258146 /* PBXContainerItemProxy */;
		};
/* End PBXTargetDependency section */

/* Begin PBXVariantGroup section */
		9A866BFC1B5F921E00258146 /* Main.storyboard */ = {
			isa = PBXVariantGroup;
			children = (
				9A866BFD1B5F921E00258146 /* Base */,
			);
			name = Main.storyboard;
			sourceTree = "<group>";
		};
/* End PBXVariantGroup section */

/* Begin XCBuildConfiguration section */
		9A866C0B1B5F921E00258146 /* Debug */ = {
			isa = XCBuildConfiguration;
			buildSettings = {
				ALWAYS_SEARCH_USER_PATHS = NO;
				CLANG_CXX_LANGUAGE_STANDARD = "gnu++0x";
				CLANG_CXX_LIBRARY = "libc++";
				CLANG_ENABLE_MODULES = YES;
				CLANG_ENABLE_OBJC_ARC = YES;
				CLANG_WARN_BOOL_CONVERSION = YES;
				CLANG_WARN_CONSTANT_CONVERSION = YES;
				CLANG_WARN_DIRECT_OBJC_ISA_USAGE = YES_ERROR;
				CLANG_WARN_EMPTY_BODY = YES;
				CLANG_WARN_ENUM_CONVERSION = YES;
				CLANG_WARN_INT_CONVERSION = YES;
				CLANG_WARN_OBJC_ROOT_CLASS = YES_ERROR;
				CLANG_WARN_UNREACHABLE_CODE = YES;
				CLANG_WARN__DUPLICATE_METHOD_MATCH = YES;
				CODE_SIGN_IDENTITY = "-";
				COPY_PHASE_STRIP = NO;
				DEBUG_INFORMATION_FORMAT = dwarf;
				ENABLE_STRICT_OBJC_MSGSEND = YES;
				GCC_C_LANGUAGE_STANDARD = gnu99;
				GCC_DYNAMIC_NO_PIC = NO;
				GCC_NO_COMMON_BLOCKS = YES;
				GCC_OPTIMIZATION_LEVEL = 0;
				GCC_PREPROCESSOR_DEFINITIONS = (
					"DEBUG=1",
					"$(inherited)",
				);
				GCC_SYMBOLS_PRIVATE_EXTERN = NO;
				GCC_WARN_64_TO_32_BIT_CONVERSION = YES;
				GCC_WARN_ABOUT_RETURN_TYPE = YES_ERROR;
				GCC_WARN_UNDECLARED_SELECTOR = YES;
				GCC_WARN_UNINITIALIZED_AUTOS = YES_AGGRESSIVE;
				GCC_WARN_UNUSED_FUNCTION = YES;
				GCC_WARN_UNUSED_VARIABLE = YES;
				MACOSX_DEPLOYMENT_TARGET = 10.10;
				MTL_ENABLE_DEBUG_INFO = YES;
				ONLY_ACTIVE_ARCH = YES;
				SDKROOT = macosx;
			};
			name = Debug;
		};
		9A866C0C1B5F921E00258146 /* Release */ = {
			isa = XCBuildConfiguration;
			buildSettings = {
				ALWAYS_SEARCH_USER_PATHS = NO;
				CLANG_CXX_LANGUAGE_STANDARD = "gnu++0x";
				CLANG_CXX_LIBRARY = "libc++";
				CLANG_ENABLE_MODULES = YES;
				CLANG_ENABLE_OBJC_ARC = YES;
				CLANG_WARN_BOOL_CONVERSION = YES;
				CLANG_WARN_CONSTANT_CONVERSION = YES;
				CLANG_WARN_DIRECT_OBJC_ISA_USAGE = YES_ERROR;
				CLANG_WARN_EMPTY_BODY = YES;
				CLANG_WARN_ENUM_CONVERSION = YES;
				CLANG_WARN_INT_CONVERSION = YES;
				CLANG_WARN_OBJC_ROOT_CLASS = YES_ERROR;
				CLANG_WARN_UNREACHABLE_CODE = YES;
				CLANG_WARN__DUPLICATE_METHOD_MATCH = YES;
				CODE_SIGN_IDENTITY = "-";
				COPY_PHASE_STRIP = NO;
				DEBUG_INFORMATION_FORMAT = "dwarf-with-dsym";
				ENABLE_NS_ASSERTIONS = NO;
				ENABLE_STRICT_OBJC_MSGSEND = YES;
				GCC_C_LANGUAGE_STANDARD = gnu99;
				GCC_NO_COMMON_BLOCKS = YES;
				GCC_WARN_64_TO_32_BIT_CONVERSION = YES;
				GCC_WARN_ABOUT_RETURN_TYPE = YES_ERROR;
				GCC_WARN_UNDECLARED_SELECTOR = YES;
				GCC_WARN_UNINITIALIZED_AUTOS = YES_AGGRESSIVE;
				GCC_WARN_UNUSED_FUNCTION = YES;
				GCC_WARN_UNUSED_VARIABLE = YES;
				MACOSX_DEPLOYMENT_TARGET = 10.10;
				MTL_ENABLE_DEBUG_INFO = NO;
				SDKROOT = macosx;
			};
			name = Release;
		};
		9A866C0E1B5F921E00258146 /* Debug */ = {
			isa = XCBuildConfiguration;
			buildSettings = {
				ASSETCATALOG_COMPILER_APPICON_NAME = AppIcon;
				COMBINE_HIDPI_IMAGES = YES;
				INFOPLIST_FILE = JJTreeDesktop/Info.plist;
				LD_RUNPATH_SEARCH_PATHS = "$(inherited) @executable_path/../Frameworks";
				PRODUCT_NAME = "$(TARGET_NAME)";
			};
			name = Debug;
		};
		9A866C0F1B5F921E00258146 /* Release */ = {
			isa = XCBuildConfiguration;
			buildSettings = {
				ASSETCATALOG_COMPILER_APPICON_NAME = AppIcon;
				COMBINE_HIDPI_IMAGES = YES;
				INFOPLIST_FILE = JJTreeDesktop/Info.plist;
				LD_RUNPATH_SEARCH_PATHS = "$(inherited) @executable_path/../Frameworks";
				PRODUCT_NAME = "$(TARGET_NAME)";
			};
			name = Release;
		};
		9A866C111B5F921E00258146 /* Debug */ = {
			isa = XCBuildConfiguration;
			buildSettings = {
				BUNDLE_LOADER = "$(TEST_HOST)";
				COMBINE_HIDPI_IMAGES = YES;
				FRAMEWORK_SEARCH_PATHS = (
					"$(DEVELOPER_FRAMEWORKS_DIR)",
					"$(inherited)",
				);
				GCC_PREPROCESSOR_DEFINITIONS = (
					"DEBUG=1",
					"$(inherited)",
				);
				INFOPLIST_FILE = JJTreeDesktopTests/Info.plist;
				LD_RUNPATH_SEARCH_PATHS = "$(inherited) @executable_path/../Frameworks @loader_path/../Frameworks";
				PRODUCT_NAME = "$(TARGET_NAME)";
				TEST_HOST = "$(BUILT_PRODUCTS_DIR)/JJTreeDesktop.app/Contents/MacOS/JJTreeDesktop";
			};
			name = Debug;
		};
		9A866C121B5F921E00258146 /* Release */ = {
			isa = XCBuildConfiguration;
			buildSettings = {
				BUNDLE_LOADER = "$(TEST_HOST)";
				COMBINE_HIDPI_IMAGES = YES;
				FRAMEWORK_SEARCH_PATHS = (
					"$(DEVELOPER_FRAMEWORKS_DIR)",
					"$(inherited)",
				);
				INFOPLIST_FILE = JJTreeDesktopTests/Info.plist;
				LD_RUNPATH_SEARCH_PATHS = "$(inherited) @executable_path/../Frameworks @loader_path/../Frameworks";
				PRODUCT_NAME = "$(TARGET_NAME)";
				TEST_HOST = "$(BUILT_PRODUCTS_DIR)/JJTreeDesktop.app/Contents/MacOS/JJTreeDesktop";
			};
			name = Release;
		};
/* End XCBuildConfiguration section */

/* Begin XCConfigurationList section */
		9A866BE81B5F921E00258146 /* Build configuration list for PBXProject "JJTreeDesktop" */ = {
			isa = XCConfigurationList;
			buildConfigurations = (
				9A866C0B1B5F921E00258146 /* Debug */,
				9A866C0C1B5F921E00258146 /* Release */,
			);
			defaultConfigurationIsVisible = 0;
			defaultConfigurationName = Release;
		};
		9A866C0D1B5F921E00258146 /* Build configuration list for PBXNativeTarget "JJTreeDesktop" */ = {
			isa = XCConfigurationList;
			buildConfigurations = (
				9A866C0E1B5F921E00258146 /* Debug */,
				9A866C0F1B5F921E00258146 /* Release */,
			);
			defaultConfigurationIsVisible = 0;
		};
		9A866C101B5F921E00258146 /* Build configuration list for PBXNativeTarget "JJTreeDesktopTests" */ = {
			isa = XCConfigurationList;
			buildConfigurations = (
				9A866C111B5F921E00258146 /* Debug */,
				9A866C121B5F921E00258146 /* Release */,
			);
			defaultConfigurationIsVisible = 0;
		};
/* End XCConfigurationList section */
	};
	rootObject = 9A866BE51B5F921E00258146 /* Project object */;
}
